// !$*UTF8*$!
{
	archiveVersion = 1;
	classes = {
	};
	objectVersion = 46;
	objects = {

/* Begin PBXBuildFile section */
		027D4D43182EAF0200AFDD21 /* Foundation.framework in Frameworks */ = {isa = PBXBuildFile; fileRef = 027D4D42182EAF0200AFDD21 /* Foundation.framework */; };
		027D4D45182EAF0200AFDD21 /* CoreGraphics.framework in Frameworks */ = {isa = PBXBuildFile; fileRef = 027D4D44182EAF0200AFDD21 /* CoreGraphics.framework */; };
		027D4D47182EAF0200AFDD21 /* UIKit.framework in Frameworks */ = {isa = PBXBuildFile; fileRef = 027D4D46182EAF0200AFDD21 /* UIKit.framework */; };
		027D4D4D182EAF0200AFDD21 /* InfoPlist.strings in Resources */ = {isa = PBXBuildFile; fileRef = 027D4D4B182EAF0200AFDD21 /* InfoPlist.strings */; };
		027D4D4F182EAF0200AFDD21 /* main.m in Sources */ = {isa = PBXBuildFile; fileRef = 027D4D4E182EAF0200AFDD21 /* main.m */; };
		027D4D53182EAF0200AFDD21 /* CrimeMapAppDelegate.m in Sources */ = {isa = PBXBuildFile; fileRef = 027D4D52182EAF0200AFDD21 /* CrimeMapAppDelegate.m */; };
		027D4D56182EAF0200AFDD21 /* Main.storyboard in Resources */ = {isa = PBXBuildFile; fileRef = 027D4D54182EAF0200AFDD21 /* Main.storyboard */; };
		027D4D59182EAF0200AFDD21 /* CrimeMapViewController.m in Sources */ = {isa = PBXBuildFile; fileRef = 027D4D58182EAF0200AFDD21 /* CrimeMapViewController.m */; };
		027D4D5B182EAF0200AFDD21 /* Images.xcassets in Resources */ = {isa = PBXBuildFile; fileRef = 027D4D5A182EAF0200AFDD21 /* Images.xcassets */; };
		027D4D62182EAF0200AFDD21 /* XCTest.framework in Frameworks */ = {isa = PBXBuildFile; fileRef = 027D4D61182EAF0200AFDD21 /* XCTest.framework */; };
		027D4D63182EAF0200AFDD21 /* Foundation.framework in Frameworks */ = {isa = PBXBuildFile; fileRef = 027D4D42182EAF0200AFDD21 /* Foundation.framework */; };
		027D4D64182EAF0200AFDD21 /* UIKit.framework in Frameworks */ = {isa = PBXBuildFile; fileRef = 027D4D46182EAF0200AFDD21 /* UIKit.framework */; };
		027D4D6C182EAF0200AFDD21 /* InfoPlist.strings in Resources */ = {isa = PBXBuildFile; fileRef = 027D4D6A182EAF0200AFDD21 /* InfoPlist.strings */; };
		027D4D6E182EAF0200AFDD21 /* PoliceCrimeMapTests.m in Sources */ = {isa = PBXBuildFile; fileRef = 027D4D6D182EAF0200AFDD21 /* PoliceCrimeMapTests.m */; };
		027D4D7A182EB17400AFDD21 /* CrimeMapFetcher.m in Sources */ = {isa = PBXBuildFile; fileRef = 027D4D79182EB17400AFDD21 /* CrimeMapFetcher.m */; };
		027D4D7C182EC83900AFDD21 /* CoreLocation.framework in Frameworks */ = {isa = PBXBuildFile; fileRef = 027D4D7B182EC83900AFDD21 /* CoreLocation.framework */; };
		027D4D7E182EC84500AFDD21 /* MapKit.framework in Frameworks */ = {isa = PBXBuildFile; fileRef = 027D4D7D182EC84500AFDD21 /* MapKit.framework */; };
		027D4D81182EECAD00AFDD21 /* CrimeDetailViewController.m in Sources */ = {isa = PBXBuildFile; fileRef = 027D4D80182EECAD00AFDD21 /* CrimeDetailViewController.m */; };
/* End PBXBuildFile section */

/* Begin PBXContainerItemProxy section */
		027D4D65182EAF0200AFDD21 /* PBXContainerItemProxy */ = {
			isa = PBXContainerItemProxy;
			containerPortal = 027D4D37182EAF0200AFDD21 /* Project object */;
			proxyType = 1;
			remoteGlobalIDString = 027D4D3E182EAF0200AFDD21;
			remoteInfo = PoliceCrimeMap;
		};
/* End PBXContainerItemProxy section */

/* Begin PBXFileReference section */
		027D4D3F182EAF0200AFDD21 /* PoliceCrimeMap.app */ = {isa = PBXFileReference; explicitFileType = wrapper.application; includeInIndex = 0; path = PoliceCrimeMap.app; sourceTree = BUILT_PRODUCTS_DIR; };
		027D4D42182EAF0200AFDD21 /* Foundation.framework */ = {isa = PBXFileReference; lastKnownFileType = wrapper.framework; name = Foundation.framework; path = System/Library/Frameworks/Foundation.framework; sourceTree = SDKROOT; };
		027D4D44182EAF0200AFDD21 /* CoreGraphics.framework */ = {isa = PBXFileReference; lastKnownFileType = wrapper.framework; name = CoreGraphics.framework; path = System/Library/Frameworks/CoreGraphics.framework; sourceTree = SDKROOT; };
		027D4D46182EAF0200AFDD21 /* UIKit.framework */ = {isa = PBXFileReference; lastKnownFileType = wrapper.framework; name = UIKit.framework; path = System/Library/Frameworks/UIKit.framework; sourceTree = SDKROOT; };
		027D4D4A182EAF0200AFDD21 /* PoliceCrimeMap-Info.plist */ = {isa = PBXFileReference; lastKnownFileType = text.plist.xml; path = "PoliceCrimeMap-Info.plist"; sourceTree = "<group>"; };
		027D4D4C182EAF0200AFDD21 /* en */ = {isa = PBXFileReference; lastKnownFileType = text.plist.strings; name = en; path = en.lproj/InfoPlist.strings; sourceTree = "<group>"; };
		027D4D4E182EAF0200AFDD21 /* main.m */ = {isa = PBXFileReference; lastKnownFileType = sourcecode.c.objc; path = main.m; sourceTree = "<group>"; };
		027D4D50182EAF0200AFDD21 /* PoliceCrimeMap-Prefix.pch */ = {isa = PBXFileReference; lastKnownFileType = sourcecode.c.h; path = "PoliceCrimeMap-Prefix.pch"; sourceTree = "<group>"; };
		027D4D51182EAF0200AFDD21 /* CrimeMapAppDelegate.h */ = {isa = PBXFileReference; lastKnownFileType = sourcecode.c.h; path = CrimeMapAppDelegate.h; sourceTree = "<group>"; };
		027D4D52182EAF0200AFDD21 /* CrimeMapAppDelegate.m */ = {isa = PBXFileReference; lastKnownFileType = sourcecode.c.objc; path = CrimeMapAppDelegate.m; sourceTree = "<group>"; };
		027D4D55182EAF0200AFDD21 /* Base */ = {isa = PBXFileReference; lastKnownFileType = file.storyboard; name = Base; path = Base.lproj/Main.storyboard; sourceTree = "<group>"; };
		027D4D57182EAF0200AFDD21 /* CrimeMapViewController.h */ = {isa = PBXFileReference; lastKnownFileType = sourcecode.c.h; path = CrimeMapViewController.h; sourceTree = "<group>"; };
		027D4D58182EAF0200AFDD21 /* CrimeMapViewController.m */ = {isa = PBXFileReference; lastKnownFileType = sourcecode.c.objc; path = CrimeMapViewController.m; sourceTree = "<group>"; };
		027D4D5A182EAF0200AFDD21 /* Images.xcassets */ = {isa = PBXFileReference; lastKnownFileType = folder.assetcatalog; path = Images.xcassets; sourceTree = "<group>"; };
		027D4D60182EAF0200AFDD21 /* PoliceCrimeMapTests.xctest */ = {isa = PBXFileReference; explicitFileType = wrapper.cfbundle; includeInIndex = 0; path = PoliceCrimeMapTests.xctest; sourceTree = BUILT_PRODUCTS_DIR; };
		027D4D61182EAF0200AFDD21 /* XCTest.framework */ = {isa = PBXFileReference; lastKnownFileType = wrapper.framework; name = XCTest.framework; path = Library/Frameworks/XCTest.framework; sourceTree = DEVELOPER_DIR; };
		027D4D69182EAF0200AFDD21 /* PoliceCrimeMapTests-Info.plist */ = {isa = PBXFileReference; lastKnownFileType = text.plist.xml; path = "PoliceCrimeMapTests-Info.plist"; sourceTree = "<group>"; };
		027D4D6B182EAF0200AFDD21 /* en */ = {isa = PBXFileReference; lastKnownFileType = text.plist.strings; name = en; path = en.lproj/InfoPlist.strings; sourceTree = "<group>"; };
		027D4D6D182EAF0200AFDD21 /* PoliceCrimeMapTests.m */ = {isa = PBXFileReference; lastKnownFileType = sourcecode.c.objc; path = PoliceCrimeMapTests.m; sourceTree = "<group>"; };
		027D4D78182EB17400AFDD21 /* CrimeMapFetcher.h */ = {isa = PBXFileReference; fileEncoding = 4; lastKnownFileType = sourcecode.c.h; name = CrimeMapFetcher.h; path = Model/CrimeMapFetcher.h; sourceTree = "<group>"; };
		027D4D79182EB17400AFDD21 /* CrimeMapFetcher.m */ = {isa = PBXFileReference; fileEncoding = 4; lastKnownFileType = sourcecode.c.objc; name = CrimeMapFetcher.m; path = Model/CrimeMapFetcher.m; sourceTree = "<group>"; };
		027D4D7B182EC83900AFDD21 /* CoreLocation.framework */ = {isa = PBXFileReference; lastKnownFileType = wrapper.framework; name = CoreLocation.framework; path = System/Library/Frameworks/CoreLocation.framework; sourceTree = SDKROOT; };
		027D4D7D182EC84500AFDD21 /* MapKit.framework */ = {isa = PBXFileReference; lastKnownFileType = wrapper.framework; name = MapKit.framework; path = System/Library/Frameworks/MapKit.framework; sourceTree = SDKROOT; };
		027D4D7F182EECAD00AFDD21 /* CrimeDetailViewController.h */ = {isa = PBXFileReference; fileEncoding = 4; lastKnownFileType = sourcecode.c.h; path = CrimeDetailViewController.h; sourceTree = "<group>"; };
		027D4D80182EECAD00AFDD21 /* CrimeDetailViewController.m */ = {isa = PBXFileReference; fileEncoding = 4; lastKnownFileType = sourcecode.c.objc; path = CrimeDetailViewController.m; sourceTree = "<group>"; };
/* End PBXFileReference section */

/* Begin PBXFrameworksBuildPhase section */
		027D4D3C182EAF0200AFDD21 /* Frameworks */ = {
			isa = PBXFrameworksBuildPhase;
			buildActionMask = 2147483647;
			files = (
				027D4D7E182EC84500AFDD21 /* MapKit.framework in Frameworks */,
				027D4D7C182EC83900AFDD21 /* CoreLocation.framework in Frameworks */,
				027D4D45182EAF0200AFDD21 /* CoreGraphics.framework in Frameworks */,
				027D4D47182EAF0200AFDD21 /* UIKit.framework in Frameworks */,
				027D4D43182EAF0200AFDD21 /* Foundation.framework in Frameworks */,
			);
			runOnlyForDeploymentPostprocessing = 0;
		};
		027D4D5D182EAF0200AFDD21 /* Frameworks */ = {
			isa = PBXFrameworksBuildPhase;
			buildActionMask = 2147483647;
			files = (
				027D4D62182EAF0200AFDD21 /* XCTest.framework in Frameworks */,
				027D4D64182EAF0200AFDD21 /* UIKit.framework in Frameworks */,
				027D4D63182EAF0200AFDD21 /* Foundation.framework in Frameworks */,
			);
			runOnlyForDeploymentPostprocessing = 0;
		};
/* End PBXFrameworksBuildPhase section */

/* Begin PBXGroup section */
		027D4D36182EAF0200AFDD21 = {
			isa = PBXGroup;
			children = (
				027D4D48182EAF0200AFDD21 /* PoliceCrimeMap */,
				027D4D67182EAF0200AFDD21 /* PoliceCrimeMapTests */,
				027D4D41182EAF0200AFDD21 /* Frameworks */,
				027D4D40182EAF0200AFDD21 /* Products */,
			);
			sourceTree = "<group>";
		};
		027D4D40182EAF0200AFDD21 /* Products */ = {
			isa = PBXGroup;
			children = (
				027D4D3F182EAF0200AFDD21 /* PoliceCrimeMap.app */,
				027D4D60182EAF0200AFDD21 /* PoliceCrimeMapTests.xctest */,
			);
			name = Products;
			sourceTree = "<group>";
		};
		027D4D41182EAF0200AFDD21 /* Frameworks */ = {
			isa = PBXGroup;
			children = (
				027D4D7D182EC84500AFDD21 /* MapKit.framework */,
				027D4D7B182EC83900AFDD21 /* CoreLocation.framework */,
				027D4D42182EAF0200AFDD21 /* Foundation.framework */,
				027D4D44182EAF0200AFDD21 /* CoreGraphics.framework */,
				027D4D46182EAF0200AFDD21 /* UIKit.framework */,
				027D4D61182EAF0200AFDD21 /* XCTest.framework */,
			);
			name = Frameworks;
			sourceTree = "<group>";
		};
		027D4D48182EAF0200AFDD21 /* PoliceCrimeMap */ = {
			isa = PBXGroup;
			children = (
				027D4D77182EB12500AFDD21 /* Model */,
				027D4D54182EAF0200AFDD21 /* Main.storyboard */,
				027D4D7F182EECAD00AFDD21 /* CrimeDetailViewController.h */,
				027D4D80182EECAD00AFDD21 /* CrimeDetailViewController.m */,
				027D4D57182EAF0200AFDD21 /* CrimeMapViewController.h */,
				027D4D58182EAF0200AFDD21 /* CrimeMapViewController.m */,
				027D4D5A182EAF0200AFDD21 /* Images.xcassets */,
				027D4D49182EAF0200AFDD21 /* Supporting Files */,
			);
			path = PoliceCrimeMap;
			sourceTree = "<group>";
		};
		027D4D49182EAF0200AFDD21 /* Supporting Files */ = {
			isa = PBXGroup;
			children = (
				027D4D51182EAF0200AFDD21 /* CrimeMapAppDelegate.h */,
				027D4D52182EAF0200AFDD21 /* CrimeMapAppDelegate.m */,
				027D4D4A182EAF0200AFDD21 /* PoliceCrimeMap-Info.plist */,
				027D4D4B182EAF0200AFDD21 /* InfoPlist.strings */,
				027D4D4E182EAF0200AFDD21 /* main.m */,
				027D4D50182EAF0200AFDD21 /* PoliceCrimeMap-Prefix.pch */,
			);
			name = "Supporting Files";
			sourceTree = "<group>";
		};
		027D4D67182EAF0200AFDD21 /* PoliceCrimeMapTests */ = {
			isa = PBXGroup;
			children = (
				027D4D6D182EAF0200AFDD21 /* PoliceCrimeMapTests.m */,
				027D4D68182EAF0200AFDD21 /* Supporting Files */,
			);
			path = PoliceCrimeMapTests;
			sourceTree = "<group>";
		};
		027D4D68182EAF0200AFDD21 /* Supporting Files */ = {
			isa = PBXGroup;
			children = (
				027D4D69182EAF0200AFDD21 /* PoliceCrimeMapTests-Info.plist */,
				027D4D6A182EAF0200AFDD21 /* InfoPlist.strings */,
			);
			name = "Supporting Files";
			sourceTree = "<group>";
		};
		027D4D77182EB12500AFDD21 /* Model */ = {
			isa = PBXGroup;
			children = (
				027D4D78182EB17400AFDD21 /* CrimeMapFetcher.h */,
				027D4D79182EB17400AFDD21 /* CrimeMapFetcher.m */,
			);
			name = Model;
			sourceTree = "<group>";
		};
/* End PBXGroup section */

/* Begin PBXNativeTarget section */
		027D4D3E182EAF0200AFDD21 /* PoliceCrimeMap */ = {
			isa = PBXNativeTarget;
			buildConfigurationList = 027D4D71182EAF0200AFDD21 /* Build configuration list for PBXNativeTarget "PoliceCrimeMap" */;
			buildPhases = (
				027D4D3B182EAF0200AFDD21 /* Sources */,
				027D4D3C182EAF0200AFDD21 /* Frameworks */,
				027D4D3D182EAF0200AFDD21 /* Resources */,
			);
			buildRules = (
			);
			dependencies = (
			);
			name = PoliceCrimeMap;
			productName = PoliceCrimeMap;
			productReference = 027D4D3F182EAF0200AFDD21 /* PoliceCrimeMap.app */;
			productType = "com.apple.product-type.application";
		};
		027D4D5F182EAF0200AFDD21 /* PoliceCrimeMapTests */ = {
			isa = PBXNativeTarget;
			buildConfigurationList = 027D4D74182EAF0200AFDD21 /* Build configuration list for PBXNativeTarget "PoliceCrimeMapTests" */;
			buildPhases = (
				027D4D5C182EAF0200AFDD21 /* Sources */,
				027D4D5D182EAF0200AFDD21 /* Frameworks */,
				027D4D5E182EAF0200AFDD21 /* Resources */,
			);
			buildRules = (
			);
			dependencies = (
				027D4D66182EAF0200AFDD21 /* PBXTargetDependency */,
			);
			name = PoliceCrimeMapTests;
			productName = PoliceCrimeMapTests;
			productReference = 027D4D60182EAF0200AFDD21 /* PoliceCrimeMapTests.xctest */;
			productType = "com.apple.product-type.bundle.unit-test";
		};
/* End PBXNativeTarget section */

/* Begin PBXProject section */
		027D4D37182EAF0200AFDD21 /* Project object */ = {
			isa = PBXProject;
			attributes = {
				CLASSPREFIX = CrimeMap;
				LastUpgradeCheck = 0500;
				ORGANIZATIONNAME = SurfTrack;
				TargetAttributes = {
					027D4D3E182EAF0200AFDD21 = {
						DevelopmentTeam = D4QBQF6Z9N;
					};
					027D4D5F182EAF0200AFDD21 = {
						TestTargetID = 027D4D3E182EAF0200AFDD21;
					};
				};
			};
			buildConfigurationList = 027D4D3A182EAF0200AFDD21 /* Build configuration list for PBXProject "PoliceCrimeMap" */;
			compatibilityVersion = "Xcode 3.2";
			developmentRegion = English;
			hasScannedForEncodings = 0;
			knownRegions = (
				en,
				Base,
			);
			mainGroup = 027D4D36182EAF0200AFDD21;
			productRefGroup = 027D4D40182EAF0200AFDD21 /* Products */;
			projectDirPath = "";
			projectRoot = "";
			targets = (
				027D4D3E182EAF0200AFDD21 /* PoliceCrimeMap */,
				027D4D5F182EAF0200AFDD21 /* PoliceCrimeMapTests */,
			);
		};
/* End PBXProject section */

/* Begin PBXResourcesBuildPhase section */
		027D4D3D182EAF0200AFDD21 /* Resources */ = {
			isa = PBXResourcesBuildPhase;
			buildActionMask = 2147483647;
			files = (
				027D4D5B182EAF0200AFDD21 /* Images.xcassets in Resources */,
				027D4D4D182EAF0200AFDD21 /* InfoPlist.strings in Resources */,
				027D4D56182EAF0200AFDD21 /* Main.storyboard in Resources */,
			);
			runOnlyForDeploymentPostprocessing = 0;
		};
		027D4D5E182EAF0200AFDD21 /* Resources */ = {
			isa = PBXResourcesBuildPhase;
			buildActionMask = 2147483647;
			files = (
				027D4D6C182EAF0200AFDD21 /* InfoPlist.strings in Resources */,
			);
			runOnlyForDeploymentPostprocessing = 0;
		};
/* End PBXResourcesBuildPhase section */

/* Begin PBXSourcesBuildPhase section */
		027D4D3B182EAF0200AFDD21 /* Sources */ = {
			isa = PBXSourcesBuildPhase;
			buildActionMask = 2147483647;
			files = (
				027D4D59182EAF0200AFDD21 /* CrimeMapViewController.m in Sources */,
				027D4D81182EECAD00AFDD21 /* CrimeDetailViewController.m in Sources */,
				027D4D53182EAF0200AFDD21 /* CrimeMapAppDelegate.m in Sources */,
				027D4D4F182EAF0200AFDD21 /* main.m in Sources */,
				027D4D7A182EB17400AFDD21 /* CrimeMapFetcher.m in Sources */,
			);
			runOnlyForDeploymentPostprocessing = 0;
		};
		027D4D5C182EAF0200AFDD21 /* Sources */ = {
			isa = PBXSourcesBuildPhase;
			buildActionMask = 2147483647;
			files = (
				027D4D6E182EAF0200AFDD21 /* PoliceCrimeMapTests.m in Sources */,
			);
			runOnlyForDeploymentPostprocessing = 0;
		};
/* End PBXSourcesBuildPhase section */

/* Begin PBXTargetDependency section */
		027D4D66182EAF0200AFDD21 /* PBXTargetDependency */ = {
			isa = PBXTargetDependency;
			target = 027D4D3E182EAF0200AFDD21 /* PoliceCrimeMap */;
			targetProxy = 027D4D65182EAF0200AFDD21 /* PBXContainerItemProxy */;
		};
/* End PBXTargetDependency section */

/* Begin PBXVariantGroup section */
		027D4D4B182EAF0200AFDD21 /* InfoPlist.strings */ = {
			isa = PBXVariantGroup;
			children = (
				027D4D4C182EAF0200AFDD21 /* en */,
			);
			name = InfoPlist.strings;
			sourceTree = "<group>";
		};
		027D4D54182EAF0200AFDD21 /* Main.storyboard */ = {
			isa = PBXVariantGroup;
			children = (
				027D4D55182EAF0200AFDD21 /* Base */,
			);
			name = Main.storyboard;
			sourceTree = "<group>";
		};
		027D4D6A182EAF0200AFDD21 /* InfoPlist.strings */ = {
			isa = PBXVariantGroup;
			children = (
				027D4D6B182EAF0200AFDD21 /* en */,
			);
			name = InfoPlist.strings;
			sourceTree = "<group>";
		};
/* End PBXVariantGroup section */

/* Begin XCBuildConfiguration section */
		027D4D6F182EAF0200AFDD21 /* Debug */ = {
			isa = XCBuildConfiguration;
			buildSettings = {
				ALWAYS_SEARCH_USER_PATHS = NO;
				ARCHS = "$(ARCHS_STANDARD_INCLUDING_64_BIT)";
				CLANG_CXX_LANGUAGE_STANDARD = "gnu++0x";
				CLANG_CXX_LIBRARY = "libc++";
				CLANG_ENABLE_MODULES = YES;
				CLANG_ENABLE_OBJC_ARC = YES;
				CLANG_WARN_BOOL_CONVERSION = YES;
				CLANG_WARN_CONSTANT_CONVERSION = YES;
				CLANG_WARN_DIRECT_OBJC_ISA_USAGE = YES_ERROR;
				CLANG_WARN_EMPTY_BODY = YES;
				CLANG_WARN_ENUM_CONVERSION = YES;
				CLANG_WARN_INT_CONVERSION = YES;
				CLANG_WARN_OBJC_ROOT_CLASS = YES_ERROR;
				CLANG_WARN__DUPLICATE_METHOD_MATCH = YES;
				"CODE_SIGN_IDENTITY[sdk=iphoneos*]" = "iPhone Developer";
				COPY_PHASE_STRIP = NO;
				GCC_C_LANGUAGE_STANDARD = gnu99;
				GCC_DYNAMIC_NO_PIC = NO;
				GCC_OPTIMIZATION_LEVEL = 0;
				GCC_PREPROCESSOR_DEFINITIONS = (
					"DEBUG=1",
					"$(inherited)",
				);
				GCC_SYMBOLS_PRIVATE_EXTERN = NO;
				GCC_WARN_64_TO_32_BIT_CONVERSION = YES;
				GCC_WARN_ABOUT_RETURN_TYPE = YES_ERROR;
				GCC_WARN_UNDECLARED_SELECTOR = YES;
				GCC_WARN_UNINITIALIZED_AUTOS = YES;
				GCC_WARN_UNUSED_FUNCTION = YES;
				GCC_WARN_UNUSED_VARIABLE = YES;
				IPHONEOS_DEPLOYMENT_TARGET = 7.0;
				ONLY_ACTIVE_ARCH = YES;
				SDKROOT = iphoneos;
			};
			name = Debug;
		};
		027D4D70182EAF0200AFDD21 /* Release */ = {
			isa = XCBuildConfiguration;
			buildSettings = {
				ALWAYS_SEARCH_USER_PATHS = NO;
				ARCHS = "$(ARCHS_STANDARD_INCLUDING_64_BIT)";
				CLANG_CXX_LANGUAGE_STANDARD = "gnu++0x";
				CLANG_CXX_LIBRARY = "libc++";
				CLANG_ENABLE_MODULES = YES;
				CLANG_ENABLE_OBJC_ARC = YES;
				CLANG_WARN_BOOL_CONVERSION = YES;
				CLANG_WARN_CONSTANT_CONVERSION = YES;
				CLANG_WARN_DIRECT_OBJC_ISA_USAGE = YES_ERROR;
				CLANG_WARN_EMPTY_BODY = YES;
				CLANG_WARN_ENUM_CONVERSION = YES;
				CLANG_WARN_INT_CONVERSION = YES;
				CLANG_WARN_OBJC_ROOT_CLASS = YES_ERROR;
				CLANG_WARN__DUPLICATE_METHOD_MATCH = YES;
				"CODE_SIGN_IDENTITY[sdk=iphoneos*]" = "iPhone Developer";
				COPY_PHASE_STRIP = YES;
				ENABLE_NS_ASSERTIONS = NO;
				GCC_C_LANGUAGE_STANDARD = gnu99;
				GCC_WARN_64_TO_32_BIT_CONVERSION = YES;
				GCC_WARN_ABOUT_RETURN_TYPE = YES_ERROR;
				GCC_WARN_UNDECLARED_SELECTOR = YES;
				GCC_WARN_UNINITIALIZED_AUTOS = YES;
				GCC_WARN_UNUSED_FUNCTION = YES;
				GCC_WARN_UNUSED_VARIABLE = YES;
				IPHONEOS_DEPLOYMENT_TARGET = 7.0;
				SDKROOT = iphoneos;
				VALIDATE_PRODUCT = YES;
			};
			name = Release;
		};
		027D4D72182EAF0200AFDD21 /* Debug */ = {
			isa = XCBuildConfiguration;
			buildSettings = {
				ASSETCATALOG_COMPILER_APPICON_NAME = AppIcon;
				ASSETCATALOG_COMPILER_LAUNCHIMAGE_NAME = LaunchImage;
				CODE_SIGN_IDENTITY = "iPhone Developer";
				GCC_PRECOMPILE_PREFIX_HEADER = YES;
				GCC_PREFIX_HEADER = "PoliceCrimeMap/PoliceCrimeMap-Prefix.pch";
				INFOPLIST_FILE = "PoliceCrimeMap/PoliceCrimeMap-Info.plist";
				PRODUCT_NAME = "$(TARGET_NAME)";
				WRAPPER_EXTENSION = app;
			};
			name = Debug;
		};
		027D4D73182EAF0200AFDD21 /* Release */ = {
			isa = XCBuildConfiguration;
			buildSettings = {
				ASSETCATALOG_COMPILER_APPICON_NAME = AppIcon;
				ASSETCATALOG_COMPILER_LAUNCHIMAGE_NAME = LaunchImage;
				CODE_SIGN_IDENTITY = "iPhone Developer";
				GCC_PRECOMPILE_PREFIX_HEADER = YES;
				GCC_PREFIX_HEADER = "PoliceCrimeMap/PoliceCrimeMap-Prefix.pch";
				INFOPLIST_FILE = "PoliceCrimeMap/PoliceCrimeMap-Info.plist";
				PRODUCT_NAME = "$(TARGET_NAME)";
				WRAPPER_EXTENSION = app;
			};
			name = Release;
		};
		027D4D75182EAF0200AFDD21 /* Debug */ = {
			isa = XCBuildConfiguration;
			buildSettings = {
				ARCHS = "$(ARCHS_STANDARD_INCLUDING_64_BIT)";
				BUNDLE_LOADER = "$(BUILT_PRODUCTS_DIR)/PoliceCrimeMap.app/PoliceCrimeMap";
				FRAMEWORK_SEARCH_PATHS = (
					"$(SDKROOT)/Developer/Library/Frameworks",
					"$(inherited)",
					"$(DEVELOPER_FRAMEWORKS_DIR)",
				);
				GCC_PRECOMPILE_PREFIX_HEADER = YES;
				GCC_PREFIX_HEADER = "PoliceCrimeMap/PoliceCrimeMap-Prefix.pch";
				GCC_PREPROCESSOR_DEFINITIONS = (
					"DEBUG=1",
					"$(inherited)",
				);
				INFOPLIST_FILE = "PoliceCrimeMapTests/PoliceCrimeMapTests-Info.plist";
				PRODUCT_NAME = "$(TARGET_NAME)";
				TEST_HOST = "$(BUNDLE_LOADER)";
				WRAPPER_EXTENSION = xctest;
			};
			name = Debug;
		};
		027D4D76182EAF0200AFDD21 /* Release */ = {
			isa = XCBuildConfiguration;
			buildSettings = {
				ARCHS = "$(ARCHS_STANDARD_INCLUDING_64_BIT)";
				BUNDLE_LOADER = "$(BUILT_PRODUCTS_DIR)/PoliceCrimeMap.app/PoliceCrimeMap";
				FRAMEWORK_SEARCH_PATHS = (
					"$(SDKROOT)/Developer/Library/Frameworks",
					"$(inherited)",
					"$(DEVELOPER_FRAMEWORKS_DIR)",
				);
				GCC_PRECOMPILE_PREFIX_HEADER = YES;
				GCC_PREFIX_HEADER = "PoliceCrimeMap/PoliceCrimeMap-Prefix.pch";
				INFOPLIST_FILE = "PoliceCrimeMapTests/PoliceCrimeMapTests-Info.plist";
				PRODUCT_NAME = "$(TARGET_NAME)";
				TEST_HOST = "$(BUNDLE_LOADER)";
				WRAPPER_EXTENSION = xctest;
			};
			name = Release;
		};
/* End XCBuildConfiguration section */

/* Begin XCConfigurationList section */
		027D4D3A182EAF0200AFDD21 /* Build configuration list for PBXProject "PoliceCrimeMap" */ = {
			isa = XCConfigurationList;
			buildConfigurations = (
				027D4D6F182EAF0200AFDD21 /* Debug */,
				027D4D70182EAF0200AFDD21 /* Release */,
			);
			defaultConfigurationIsVisible = 0;
			defaultConfigurationName = Release;
		};
		027D4D71182EAF0200AFDD21 /* Build configuration list for PBXNativeTarget "PoliceCrimeMap" */ = {
			isa = XCConfigurationList;
			buildConfigurations = (
				027D4D72182EAF0200AFDD21 /* Debug */,
				027D4D73182EAF0200AFDD21 /* Release */,
			);
			defaultConfigurationIsVisible = 0;
		};
		027D4D74182EAF0200AFDD21 /* Build configuration list for PBXNativeTarget "PoliceCrimeMapTests" */ = {
			isa = XCConfigurationList;
			buildConfigurations = (
				027D4D75182EAF0200AFDD21 /* Debug */,
				027D4D76182EAF0200AFDD21 /* Release */,
			);
			defaultConfigurationIsVisible = 0;
		};
/* End XCConfigurationList section */
	};
	rootObject = 027D4D37182EAF0200AFDD21 /* Project object */;
}
